
Microsoft Visual Studio Solution File, Format Version 12.00
# Visual Studio Version 17
VisualStudioVersion = 17.7.34018.315
MinimumVisualStudioVersion = 10.0.40219.1
Project("{FAE04EC0-301F-11D3-BF4B-00C04F79EFBC}") = "ConsoleApp1", "ConsoleApp1\ConsoleApp1.csproj", "{9BA84B74-E22E-4D79-B56B-B57290E6F05A}"
EndProject
Global
	GlobalSection(SolutionConfigurationPlatforms) = preSolution
		Debug|Any CPU = Debug|Any CPU
		Release|Any CPU = Release|Any CPU
	EndGlobalSection
	GlobalSection(ProjectConfigurationPlatforms) = postSolution
		{9BA84B74-E22E-4D79-B56B-B57290E6F05A}.Debug|Any CPU.ActiveCfg = Debug|Any CPU
		{9BA84B74-E22E-4D79-B56B-B57290E6F05A}.Debug|Any CPU.Build.0 = Debug|Any CPU
		{9BA84B74-E22E-4D79-B56B-B57290E6F05A}.Release|Any CPU.ActiveCfg = Release|Any CPU
		{9BA84B74-E22E-4D79-B56B-B57290E6F05A}.Release|Any CPU.Build.0 = Release|Any CPU
	EndGlobalSection
	GlobalSection(SolutionProperties) = preSolution
		HideSolutionNode = FALSE
	EndGlobalSection
	GlobalSection(ExtensibilityGlobals) = postSolution
		SolutionGuid = {8135A9D4-3139-4487-91D7-18A185439DF3}
	EndGlobalSection
EndGlobal
